{
  "name": "@ianwalter/nrg-validation",
  "version": "1.2.1",
  "lockfileVersion": 2,
  "requires": true,
  "packages": {
    "": {
      "name": "@ianwalter/nrg-validation",
      "version": "1.2.1",
      "license": "SEE LICENSE IN LICENSE",
      "dependencies": {
        "@generates/merger": "^0.1.1",
        "date-fns": "^2.16.1",
        "decamelize": "^4.0.0",
        "is-phone": "^2.0.0",
        "isemail": "^3.2.0",
        "zxcvbn": "^4.4.2"
      },
      "devDependencies": {
        "@ianwalter/bff": "^10.0.0"
      },
      "funding": {
        "type": "github",
        "url": "https://github.com/sponsors/ianwalter"
      }
    },
    "node_modules/@generates/merger": {
      "version": "0.1.1",
      "resolved": "https://registry.npmjs.org/@generates/merger/-/merger-0.1.1.tgz",
      "integrity": "sha512-jlO57SAsyw3sI7fpgHLzx7CdpklW4hciHoILR0lylj0WlMBD1PpRfULeqfiWjUV5NxGuhrxQqZ4vrPteKEZKNg=="
    },
    "node_modules/@ianwalter/bff": {
      "version": "10.0.0",
      "dev": true,
      "license": "SEE LICENSE IN LICENSE",
      "dependencies": {
        "@generates/logger": "^0.0.9",
        "@generates/merger": "^0.1.1",
        "@ianwalter/cli": "^4.1.0",
        "@ianwalter/clone": "^6.0.1",
        "@ianwalter/cloneable": "^2.0.0",
        "@ianwalter/sleep": "^0.0.1",
        "@ianwalter/subpub": "^3.0.0",
        "@ianwalter/timer": "^2.0.2",
        "array-shuffle": "^2.0.0",
        "callsites": "^3.1.0",
        "camaro": "^6.0.2",
        "common-tags": "^1.8.0",
        "esm-to-cjs": "^1.2.0",
        "expect": "^26.6.2",
        "jest-snapshot": "^26.6.2",
        "junit-report-builder": "^2.0.0",
        "p-series": "^2.1.0",
        "tiny-glob": "^0.2.8",
        "workerpool": "^6.0.3"
      },
      "bin": {
        "bff": "cli.js"
      },
      "funding": {
        "type": "github",
        "url": "https://github.com/sponsors/ianwalter"
      }
    },
    "node_modules/date-fns": {
      "version": "2.16.1",
      "resolved": "https://registry.npmjs.org/date-fns/-/date-fns-2.16.1.tgz",
      "integrity": "sha512-sAJVKx/FqrLYHAQeN7VpJrPhagZc9R4ImZIWYRFZaaohR3KzmuK88touwsSwSVT8Qcbd4zoDsnGfX4GFB4imyQ==",
      "engines": {
        "node": ">=0.11"
      },
      "funding": {
        "type": "opencollective",
        "url": "https://opencollective.com/date-fns"
      }
    },
    "node_modules/decamelize": {
      "version": "4.0.0",
      "license": "MIT",
      "engines": {
        "node": ">=10"
      },
      "funding": {
        "url": "https://github.com/sponsors/sindresorhus"
      }
    },
    "node_modules/is-phone": {
      "version": "2.0.0",
      "resolved": "https://registry.npmjs.org/is-phone/-/is-phone-2.0.0.tgz",
      "integrity": "sha1-yfgNYaSBl/mhnbDk8IzcIr4K0uo=",
      "dependencies": {
        "phone-regex": "^2.0.0"
      }
    },
    "node_modules/isemail": {
      "version": "3.2.0",
      "resolved": "https://registry.npmjs.org/isemail/-/isemail-3.2.0.tgz",
      "integrity": "sha512-zKqkK+O+dGqevc93KNsbZ/TqTUFd46MwWjYOoMrjIMZ51eU7DtQG3Wmd9SQQT7i7RVnuTPEiYEWHU3MSbxC1Tg==",
      "dependencies": {
        "punycode": "2.x.x"
      },
      "engines": {
        "node": ">=4.0.0"
      }
    },
    "node_modules/phone-regex": {
      "version": "2.1.0",
      "resolved": "https://registry.npmjs.org/phone-regex/-/phone-regex-2.1.0.tgz",
      "integrity": "sha512-9lXTghLpr/jU6Dx9JIacAUt3Hl7qVucW8+Iqwx99dvFSO9imlB2xvY6IyT6Sw554QTtHMnhvPUygGaN5k0pv9Q=="
    },
    "node_modules/punycode": {
      "version": "2.1.1",
      "resolved": "https://registry.npmjs.org/punycode/-/punycode-2.1.1.tgz",
      "integrity": "sha512-XRsRjdf+j5ml+y/6GKHPZbrF/8p2Yga0JPtdqTIY2Xe5ohJPD9saDJJLPvp9+NSBprVvevdXZybnj2cv8OEd0A==",
      "engines": {
        "node": ">=6"
      }
    },
    "node_modules/zxcvbn": {
      "version": "4.4.2",
      "resolved": "https://registry.npmjs.org/zxcvbn/-/zxcvbn-4.4.2.tgz",
      "integrity": "sha1-KOwXzwl0PtyrBW3dixsGJizHPDA="
    }
  },
  "dependencies": {
    "@generates/merger": {
      "version": "0.1.1",
      "resolved": "https://registry.npmjs.org/@generates/merger/-/merger-0.1.1.tgz",
      "integrity": "sha512-jlO57SAsyw3sI7fpgHLzx7CdpklW4hciHoILR0lylj0WlMBD1PpRfULeqfiWjUV5NxGuhrxQqZ4vrPteKEZKNg=="
    },
    "@ianwalter/bff": {
      "version": "10.0.0",
      "dev": true,
      "requires": {
        "@generates/logger": "^0.0.9",
        "@generates/merger": "^0.1.1",
        "@ianwalter/cli": "^4.1.0",
        "@ianwalter/clone": "^6.0.1",
        "@ianwalter/cloneable": "^2.0.0",
        "@ianwalter/sleep": "^0.0.1",
        "@ianwalter/subpub": "^3.0.0",
        "@ianwalter/timer": "^2.0.2",
        "array-shuffle": "^2.0.0",
        "callsites": "^3.1.0",
        "camaro": "^6.0.2",
        "common-tags": "^1.8.0",
        "esm-to-cjs": "^1.2.0",
        "expect": "^26.6.2",
        "jest-snapshot": "^26.6.2",
        "junit-report-builder": "^2.0.0",
        "p-series": "^2.1.0",
        "tiny-glob": "^0.2.8",
        "workerpool": "^6.0.3"
      }
    },
    "date-fns": {
      "version": "2.16.1",
      "resolved": "https://registry.npmjs.org/date-fns/-/date-fns-2.16.1.tgz",
      "integrity": "sha512-sAJVKx/FqrLYHAQeN7VpJrPhagZc9R4ImZIWYRFZaaohR3KzmuK88touwsSwSVT8Qcbd4zoDsnGfX4GFB4imyQ=="
    },
    "decamelize": {
      "version": "4.0.0"
    },
    "is-phone": {
      "version": "2.0.0",
      "resolved": "https://registry.npmjs.org/is-phone/-/is-phone-2.0.0.tgz",
      "integrity": "sha1-yfgNYaSBl/mhnbDk8IzcIr4K0uo=",
      "requires": {
        "phone-regex": "^2.0.0"
      }
    },
    "isemail": {
      "version": "3.2.0",
      "resolved": "https://registry.npmjs.org/isemail/-/isemail-3.2.0.tgz",
      "integrity": "sha512-zKqkK+O+dGqevc93KNsbZ/TqTUFd46MwWjYOoMrjIMZ51eU7DtQG3Wmd9SQQT7i7RVnuTPEiYEWHU3MSbxC1Tg==",
      "requires": {
        "punycode": "2.x.x"
      }
    },
    "phone-regex": {
      "version": "2.1.0",
      "resolved": "https://registry.npmjs.org/phone-regex/-/phone-regex-2.1.0.tgz",
      "integrity": "sha512-9lXTghLpr/jU6Dx9JIacAUt3Hl7qVucW8+Iqwx99dvFSO9imlB2xvY6IyT6Sw554QTtHMnhvPUygGaN5k0pv9Q=="
    },
    "punycode": {
      "version": "2.1.1",
      "resolved": "https://registry.npmjs.org/punycode/-/punycode-2.1.1.tgz",
      "integrity": "sha512-XRsRjdf+j5ml+y/6GKHPZbrF/8p2Yga0JPtdqTIY2Xe5ohJPD9saDJJLPvp9+NSBprVvevdXZybnj2cv8OEd0A=="
    },
    "zxcvbn": {
      "version": "4.4.2",
      "resolved": "https://registry.npmjs.org/zxcvbn/-/zxcvbn-4.4.2.tgz",
      "integrity": "sha1-KOwXzwl0PtyrBW3dixsGJizHPDA="
    }
  }
}
