name: Lock
on:
  pull_request:
jobs:
  lock:
    runs-on: ubuntu-latest
    container:
      image: ianwalter/pnpm:v1.4.0
    timeout-minutes: 5
    steps:
      - name: Checkout
        uses: actions/checkout@v2
        with:
          fetch-depth: 0
          persist-credentials: false
      - name: Install Dependencies
        run: pnpm i -r --frozen-lockfile=false
      - name: Commit Changes
        uses: generates/commit-action@v1.0.1
        with:
          token: ${{ secrets.GH_PAT }}
